
Microsoft Visual Studio Solution File, Format Version 12.00
# Visual Studio Version 16
VisualStudioVersion = 16.0.31729.503
MinimumVisualStudioVersion = 10.0.40219.1
Project("{FAE04EC0-301F-11D3-BF4B-00C04F79EFBC}") = "RealEstate", "RealEstate\RealEstate.csproj", "{3B24AD9B-C62D-4505-A9A9-02ABD5A184FB}"
EndProject
Global
	GlobalSection(SolutionConfigurationPlatforms) = preSolution
		Debug|Any CPU = Debug|Any CPU
		Release|Any CPU = Release|Any CPU
	EndGlobalSection
	GlobalSection(ProjectConfigurationPlatforms) = postSolution
		{3B24AD9B-C62D-4505-A9A9-02ABD5A184FB}.Debug|Any CPU.ActiveCfg = Debug|Any CPU
		{3B24AD9B-C62D-4505-A9A9-02ABD5A184FB}.Debug|Any CPU.Build.0 = Debug|Any CPU
		{3B24AD9B-C62D-4505-A9A9-02ABD5A184FB}.Release|Any CPU.ActiveCfg = Release|Any CPU
		{3B24AD9B-C62D-4505-A9A9-02ABD5A184FB}.Release|Any CPU.Build.0 = Release|Any CPU
	EndGlobalSection
	GlobalSection(SolutionProperties) = preSolution
		HideSolutionNode = FALSE
	EndGlobalSection
	GlobalSection(ExtensibilityGlobals) = postSolution
		SolutionGuid = {D2E4C871-33B4-493E-9003-F7735476A201}
	EndGlobalSection
EndGlobal
